
Microsoft Visual Studio Solution File, Format Version 12.00
# Visual Studio Version 17
VisualStudioVersion = 17.3.32929.385
MinimumVisualStudioVersion = 10.0.40219.1
Project("{FAE04EC0-301F-11D3-BF4B-00C04F79EFBC}") = "Proiect_BDI", "Proiect_BDI\Proiect_BDI.csproj", "{5E326139-DFE6-4387-B223-11F02199076A}"
EndProject
Global
	GlobalSection(SolutionConfigurationPlatforms) = preSolution
		Debug|Any CPU = Debug|Any CPU
		Release|Any CPU = Release|Any CPU
	EndGlobalSection
	GlobalSection(ProjectConfigurationPlatforms) = postSolution
		{5E326139-DFE6-4387-B223-11F02199076A}.Debug|Any CPU.ActiveCfg = Debug|Any CPU
		{5E326139-DFE6-4387-B223-11F02199076A}.Debug|Any CPU.Build.0 = Debug|Any CPU
		{5E326139-DFE6-4387-B223-11F02199076A}.Release|Any CPU.ActiveCfg = Release|Any CPU
		{5E326139-DFE6-4387-B223-11F02199076A}.Release|Any CPU.Build.0 = Release|Any CPU
	EndGlobalSection
	GlobalSection(SolutionProperties) = preSolution
		HideSolutionNode = FALSE
	EndGlobalSection
	GlobalSection(ExtensibilityGlobals) = postSolution
		SolutionGuid = {2BCCD751-E84D-4E50-A19D-AF428C9E3355}
	EndGlobalSection
EndGlobal
